{
  "name": "U235CTRL",
  "version": "0.0.0",
  "dependencies": {
    "asap": {
      "version": "2.0.5",
      "from": "asap@>=2.0.3 <2.1.0",
      "resolved": "https://registry.npmjs.org/asap/-/asap-2.0.5.tgz"
    },
    "atoa": {
      "version": "1.0.0",
      "from": "atoa@1.0.0",
      "resolved": "https://registry.npmjs.org/atoa/-/atoa-1.0.0.tgz"
    },
    "bootstrap-sass": {
      "version": "3.3.7",
      "from": "bootstrap-sass@>=3.3.6 <4.0.0",
      "resolved": "https://registry.npmjs.org/bootstrap-sass/-/bootstrap-sass-3.3.7.tgz"
    },
    "classnames": {
      "version": "2.2.5",
      "from": "classnames@>=2.2.5 <3.0.0",
      "resolved": "https://registry.npmjs.org/classnames/-/classnames-2.2.5.tgz"
    },
    "commander": {
      "version": "2.9.0",
      "from": "commander@>=2.0.0 <3.0.0",
      "resolved": "https://registry.npmjs.org/commander/-/commander-2.9.0.tgz"
    },
    "contra": {
      "version": "1.9.4",
      "from": "contra@1.9.4",
      "resolved": "https://registry.npmjs.org/contra/-/contra-1.9.4.tgz"
    },
    "core-js": {
      "version": "1.2.7",
      "from": "core-js@>=1.0.0 <2.0.0",
      "resolved": "https://registry.npmjs.org/core-js/-/core-js-1.2.7.tgz"
    },
    "crossvent": {
      "version": "1.5.4",
      "from": "crossvent@1.5.4",
      "resolved": "https://registry.npmjs.org/crossvent/-/crossvent-1.5.4.tgz"
    },
    "custom-event": {
      "version": "1.0.0",
      "from": "custom-event@1.0.0",
      "resolved": "https://registry.npmjs.org/custom-event/-/custom-event-1.0.0.tgz"
    },
    "deep-equal": {
      "version": "1.0.1",
      "from": "deep-equal@>=1.0.0 <2.0.0",
      "resolved": "https://registry.npmjs.org/deep-equal/-/deep-equal-1.0.1.tgz"
    },
    "dragula": {
      "version": "3.7.2",
      "from": "dragula@3.7.2",
      "resolved": "https://registry.npmjs.org/dragula/-/dragula-3.7.2.tgz"
    },
    "encoding": {
      "version": "0.1.12",
      "from": "encoding@>=0.1.11 <0.2.0",
      "resolved": "https://registry.npmjs.org/encoding/-/encoding-0.1.12.tgz"
    },
    "fbjs": {
      "version": "0.8.6",
      "from": "fbjs@>=0.8.4 <0.9.0",
      "resolved": "https://registry.npmjs.org/fbjs/-/fbjs-0.8.6.tgz"
    },
    "flatpickr": {
      "version": "2.2.4",
      "from": "flatpickr@>=2.2.3 <3.0.0",
      "resolved": "https://registry.npmjs.org/flatpickr/-/flatpickr-2.2.4.tgz"
    },
    "generate-function": {
      "version": "2.0.0",
      "from": "generate-function@>=2.0.0 <3.0.0",
      "resolved": "https://registry.npmjs.org/generate-function/-/generate-function-2.0.0.tgz"
    },
    "generate-object-property": {
      "version": "1.2.0",
      "from": "generate-object-property@>=1.1.0 <2.0.0",
      "resolved": "https://registry.npmjs.org/generate-object-property/-/generate-object-property-1.2.0.tgz"
    },
    "graceful-readlink": {
      "version": "1.0.1",
      "from": "graceful-readlink@>=1.0.0",
      "resolved": "https://registry.npmjs.org/graceful-readlink/-/graceful-readlink-1.0.1.tgz"
    },
    "history": {
      "version": "2.1.2",
      "from": "history@>=2.1.2 <3.0.0",
      "resolved": "https://registry.npmjs.org/history/-/history-2.1.2.tgz",
      "dependencies": {
        "warning": {
          "version": "2.1.0",
          "from": "warning@>=2.0.0 <3.0.0",
          "resolved": "https://registry.npmjs.org/warning/-/warning-2.1.0.tgz"
        }
      }
    },
    "hoist-non-react-statics": {
      "version": "1.2.0",
      "from": "hoist-non-react-statics@>=1.0.3 <2.0.0",
      "resolved": "https://registry.npmjs.org/hoist-non-react-statics/-/hoist-non-react-statics-1.2.0.tgz"
    },
    "iconv-lite": {
      "version": "0.4.15",
      "from": "iconv-lite@>=0.4.0 <0.5.0",
      "resolved": "https://registry.npmjs.org/iconv-lite/-/iconv-lite-0.4.15.tgz"
    },
    "invariant": {
      "version": "2.2.2",
      "from": "invariant@>=2.0.0 <3.0.0",
      "resolved": "https://registry.npmjs.org/invariant/-/invariant-2.2.2.tgz"
    },
    "is-my-json-valid": {
      "version": "2.15.0",
      "from": "is-my-json-valid@>=2.13.1 <3.0.0",
      "resolved": "https://registry.npmjs.org/is-my-json-valid/-/is-my-json-valid-2.15.0.tgz"
    },
    "is-property": {
      "version": "1.0.2",
      "from": "is-property@>=1.0.0 <2.0.0",
      "resolved": "https://registry.npmjs.org/is-property/-/is-property-1.0.2.tgz"
    },
    "is-stream": {
      "version": "1.1.0",
      "from": "is-stream@>=1.0.1 <2.0.0",
      "resolved": "https://registry.npmjs.org/is-stream/-/is-stream-1.1.0.tgz"
    },
    "isomorphic-fetch": {
      "version": "2.2.1",
      "from": "isomorphic-fetch@>=2.1.1 <3.0.0",
      "resolved": "https://registry.npmjs.org/isomorphic-fetch/-/isomorphic-fetch-2.2.1.tgz"
    },
    "jquery": {
      "version": "2.2.4",
      "from": "jquery@>=2.2.4 <3.0.0",
      "resolved": "https://registry.npmjs.org/jquery/-/jquery-2.2.4.tgz"
    },
    "js-tokens": {
      "version": "2.0.0",
      "from": "js-tokens@>=2.0.0 <3.0.0",
      "resolved": "https://registry.npmjs.org/js-tokens/-/js-tokens-2.0.0.tgz"
    },
    "jsonpointer": {
      "version": "4.0.0",
      "from": "jsonpointer@>=4.0.0 <5.0.0",
      "resolved": "https://registry.npmjs.org/jsonpointer/-/jsonpointer-4.0.0.tgz"
    },
    "jsonschema": {
      "version": "1.1.1",
      "from": "jsonschema@>=1.0.2 <2.0.0",
      "resolved": "https://registry.npmjs.org/jsonschema/-/jsonschema-1.1.1.tgz"
    },
    "lodash": {
      "version": "4.17.2",
      "from": "lodash@>=4.13.1 <5.0.0",
      "resolved": "https://registry.npmjs.org/lodash/-/lodash-4.17.2.tgz"
    },
    "lodash-es": {
      "version": "4.17.2",
      "from": "lodash-es@>=4.2.1 <5.0.0",
      "resolved": "https://registry.npmjs.org/lodash-es/-/lodash-es-4.17.2.tgz"
    },
    "lodash.topath": {
      "version": "4.5.2",
      "from": "lodash.topath@>=4.5.2 <5.0.0",
      "resolved": "https://registry.npmjs.org/lodash.topath/-/lodash.topath-4.5.2.tgz"
    },
    "loose-envify": {
      "version": "1.3.0",
      "from": "loose-envify@>=1.1.0 <2.0.0",
      "resolved": "https://registry.npmjs.org/loose-envify/-/loose-envify-1.3.0.tgz"
    },
    "moment": {
      "version": "2.17.1",
      "from": "moment@>=2.14.1 <3.0.0",
      "resolved": "https://registry.npmjs.org/moment/-/moment-2.17.1.tgz"
    },
    "moment-timezone": {
      "version": "0.5.10",
      "from": "moment-timezone@>=0.5.5 <0.6.0",
      "resolved": "https://registry.npmjs.org/moment-timezone/-/moment-timezone-0.5.10.tgz"
    },
    "node-fetch": {
      "version": "1.6.3",
      "from": "node-fetch@>=1.0.1 <2.0.0",
      "resolved": "https://registry.npmjs.org/node-fetch/-/node-fetch-1.6.3.tgz"
    },
    "node-uuid": {
      "version": "1.4.7",
      "from": "node-uuid@>=1.4.7 <1.5.0",
      "resolved": "https://registry.npmjs.org/node-uuid/-/node-uuid-1.4.7.tgz"
    },
    "object-assign": {
      "version": "4.1.0",
      "from": "object-assign@>=4.1.0 <5.0.0",
      "resolved": "https://registry.npmjs.org/object-assign/-/object-assign-4.1.0.tgz"
    },
    "promise": {
      "version": "7.1.1",
      "from": "promise@>=7.1.1 <8.0.0",
      "resolved": "https://registry.npmjs.org/promise/-/promise-7.1.1.tgz"
    },
    "query-string": {
      "version": "3.0.3",
      "from": "query-string@>=3.0.0 <4.0.0",
      "resolved": "https://registry.npmjs.org/query-string/-/query-string-3.0.3.tgz"
    },
    "react": {
      "version": "15.4.1",
      "from": "react@>=15.1.0 <16.0.0",
      "resolved": "https://registry.npmjs.org/react/-/react-15.4.1.tgz"
    },
    "react-addons-shallow-compare": {
      "version": "15.4.1",
      "from": "react-addons-shallow-compare@>=15.1.0 <16.0.0",
      "resolved": "https://registry.npmjs.org/react-addons-shallow-compare/-/react-addons-shallow-compare-15.4.1.tgz"
    },
    "react-addons-test-utils": {
      "version": "15.4.1",
      "from": "react-addons-test-utils@>=15.1.0 <16.0.0",
      "resolved": "https://registry.npmjs.org/react-addons-test-utils/-/react-addons-test-utils-15.4.1.tgz"
    },
    "react-dom": {
      "version": "15.4.1",
      "from": "react-dom@>=15.1.0 <16.0.0",
      "resolved": "https://registry.npmjs.org/react-dom/-/react-dom-15.4.1.tgz"
    },
    "react-dragula": {
      "version": "1.1.17",
      "from": "react-dragula@>=1.1.16 <2.0.0",
      "resolved": "https://registry.npmjs.org/react-dragula/-/react-dragula-1.1.17.tgz"
    },
    "react-input-autosize": {
      "version": "1.1.0",
      "from": "react-input-autosize@>=1.1.0 <2.0.0",
      "resolved": "https://registry.npmjs.org/react-input-autosize/-/react-input-autosize-1.1.0.tgz"
    },
    "react-jsonschema-form": {
      "version": "0.41.2",
      "from": "react-jsonschema-form@0.41.2",
      "resolved": "https://registry.npmjs.org/react-jsonschema-form/-/react-jsonschema-form-0.41.2.tgz"
    },
    "react-radio-group": {
      "version": "3.0.1",
      "from": "react-radio-group@>=3.0.1 <4.0.0",
      "resolved": "https://registry.npmjs.org/react-radio-group/-/react-radio-group-3.0.1.tgz"
    },
    "react-redux": {
      "version": "4.4.6",
      "from": "react-redux@>=4.4.5 <5.0.0",
      "resolved": "https://registry.npmjs.org/react-redux/-/react-redux-4.4.6.tgz"
    },
    "react-router": {
      "version": "2.8.1",
      "from": "react-router@>=2.4.1 <3.0.0",
      "resolved": "https://registry.npmjs.org/react-router/-/react-router-2.8.1.tgz"
    },
    "react-select": {
      "version": "1.0.0-rc.2",
      "from": "react-select@>=1.0.0-beta14 <2.0.0",
      "resolved": "https://registry.npmjs.org/react-select/-/react-select-1.0.0-rc.2.tgz"
    },
    "react-tap-event-plugin": {
      "version": "2.0.1",
      "from": "react-tap-event-plugin@>=2.0.1 <3.0.0",
      "resolved": "https://registry.npmjs.org/react-tap-event-plugin/-/react-tap-event-plugin-2.0.1.tgz"
    },
    "redux": {
      "version": "3.6.0",
      "from": "redux@>=3.5.2 <4.0.0",
      "resolved": "https://registry.npmjs.org/redux/-/redux-3.6.0.tgz"
    },
    "redux-thunk": {
      "version": "2.1.0",
      "from": "redux-thunk@>=2.1.0 <3.0.0",
      "resolved": "https://registry.npmjs.org/redux-thunk/-/redux-thunk-2.1.0.tgz"
    },
    "rw": {
      "version": "1.3.2",
      "from": "rw@>=1.0.0 <2.0.0",
      "resolved": "https://registry.npmjs.org/rw/-/rw-1.3.2.tgz"
    },
    "setimmediate": {
      "version": "1.0.5",
      "from": "setimmediate@>=1.0.4 <2.0.0",
      "resolved": "https://registry.npmjs.org/setimmediate/-/setimmediate-1.0.5.tgz"
    },
    "strict-uri-encode": {
      "version": "1.1.0",
      "from": "strict-uri-encode@>=1.0.0 <2.0.0",
      "resolved": "https://registry.npmjs.org/strict-uri-encode/-/strict-uri-encode-1.1.0.tgz"
    },
    "symbol-observable": {
      "version": "1.0.4",
      "from": "symbol-observable@>=1.0.2 <2.0.0",
      "resolved": "https://registry.npmjs.org/symbol-observable/-/symbol-observable-1.0.4.tgz"
    },
    "ticky": {
      "version": "1.0.1",
      "from": "ticky@1.0.1",
      "resolved": "https://registry.npmjs.org/ticky/-/ticky-1.0.1.tgz"
    },
    "ua-parser-js": {
      "version": "0.7.12",
      "from": "ua-parser-js@>=0.7.9 <0.8.0",
      "resolved": "https://registry.npmjs.org/ua-parser-js/-/ua-parser-js-0.7.12.tgz"
    },
    "warning": {
      "version": "3.0.0",
      "from": "warning@>=3.0.0 <4.0.0",
      "resolved": "https://registry.npmjs.org/warning/-/warning-3.0.0.tgz"
    },
    "whatwg-fetch": {
      "version": "2.0.1",
      "from": "whatwg-fetch@>=0.10.0",
      "resolved": "https://registry.npmjs.org/whatwg-fetch/-/whatwg-fetch-2.0.1.tgz"
    },
    "xmlhttprequest": {
      "version": "1.8.0",
      "from": "xmlhttprequest@>=1.0.0 <2.0.0",
      "resolved": "https://registry.npmjs.org/xmlhttprequest/-/xmlhttprequest-1.8.0.tgz"
    },
    "xtend": {
      "version": "4.0.1",
      "from": "xtend@>=4.0.0 <5.0.0",
      "resolved": "https://registry.npmjs.org/xtend/-/xtend-4.0.1.tgz"
    }
  }
}
